// !$*UTF8*$!
{
	archiveVersion = 1;
	classes = {
	};
	objectVersion = 46;
	objects = {

/* Begin PBXBuildFile section */
		3FDA1D931D2145350094DC70 /* AppDelegate.swift in Sources */ = {isa = PBXBuildFile; fileRef = 3FDA1D921D2145350094DC70 /* AppDelegate.swift */; };
		3FDA1D951D2145350094DC70 /* ViewController.swift in Sources */ = {isa = PBXBuildFile; fileRef = 3FDA1D941D2145350094DC70 /* ViewController.swift */; };
		3FDA1D981D2145350094DC70 /* Main.storyboard in Resources */ = {isa = PBXBuildFile; fileRef = 3FDA1D961D2145350094DC70 /* Main.storyboard */; };
		3FDA1D9B1D2145350094DC70 /* bjj.xcdatamodeld in Sources */ = {isa = PBXBuildFile; fileRef = 3FDA1D991D2145350094DC70 /* bjj.xcdatamodeld */; };
		3FDA1D9D1D2145350094DC70 /* Assets.xcassets in Resources */ = {isa = PBXBuildFile; fileRef = 3FDA1D9C1D2145350094DC70 /* Assets.xcassets */; };
		3FDA1DA01D2145350094DC70 /* LaunchScreen.storyboard in Resources */ = {isa = PBXBuildFile; fileRef = 3FDA1D9E1D2145350094DC70 /* LaunchScreen.storyboard */; };
/* End PBXBuildFile section */

/* Begin PBXFileReference section */
		3FDA1D8F1D2145350094DC70 /* bjj.app */ = {isa = PBXFileReference; explicitFileType = wrapper.application; includeInIndex = 0; path = bjj.app; sourceTree = BUILT_PRODUCTS_DIR; };
		3FDA1D921D2145350094DC70 /* AppDelegate.swift */ = {isa = PBXFileReference; lastKnownFileType = sourcecode.swift; path = AppDelegate.swift; sourceTree = "<group>"; };
		3FDA1D941D2145350094DC70 /* ViewController.swift */ = {isa = PBXFileReference; lastKnownFileType = sourcecode.swift; path = ViewController.swift; sourceTree = "<group>"; };
		3FDA1D971D2145350094DC70 /* Base */ = {isa = PBXFileReference; lastKnownFileType = file.storyboard; name = Base; path = Base.lproj/Main.storyboard; sourceTree = "<group>"; };
		3FDA1D9A1D2145350094DC70 /* bjj.xcdatamodel */ = {isa = PBXFileReference; lastKnownFileType = wrapper.xcdatamodel; path = bjj.xcdatamodel; sourceTree = "<group>"; };
		3FDA1D9C1D2145350094DC70 /* Assets.xcassets */ = {isa = PBXFileReference; lastKnownFileType = folder.assetcatalog; path = Assets.xcassets; sourceTree = "<group>"; };
		3FDA1D9F1D2145350094DC70 /* Base */ = {isa = PBXFileReference; lastKnownFileType = file.storyboard; name = Base; path = Base.lproj/LaunchScreen.storyboard; sourceTree = "<group>"; };
		3FDA1DA11D2145350094DC70 /* Info.plist */ = {isa = PBXFileReference; lastKnownFileType = text.plist.xml; path = Info.plist; sourceTree = "<group>"; };
/* End PBXFileReference section */

/* Begin PBXFrameworksBuildPhase section */
		3FDA1D8C1D2145350094DC70 /* Frameworks */ = {
			isa = PBXFrameworksBuildPhase;
			buildActionMask = 2147483647;
			files = (
			);
			runOnlyForDeploymentPostprocessing = 0;
		};
/* End PBXFrameworksBuildPhase section */

/* Begin PBXGroup section */
		3FDA1D861D2145350094DC70 = {
			isa = PBXGroup;
			children = (
				3FDA1D911D2145350094DC70 /* bjj */,
				3FDA1D901D2145350094DC70 /* Products */,
			);
			sourceTree = "<group>";
		};
		3FDA1D901D2145350094DC70 /* Products */ = {
			isa = PBXGroup;
			children = (
				3FDA1D8F1D2145350094DC70 /* bjj.app */,
			);
			name = Products;
			sourceTree = "<group>";
		};
		3FDA1D911D2145350094DC70 /* bjj */ = {
			isa = PBXGroup;
			children = (
				3FDA1D921D2145350094DC70 /* AppDelegate.swift */,
				3FDA1D941D2145350094DC70 /* ViewController.swift */,
				3FDA1D961D2145350094DC70 /* Main.storyboard */,
				3FDA1D9C1D2145350094DC70 /* Assets.xcassets */,
				3FDA1D9E1D2145350094DC70 /* LaunchScreen.storyboard */,
				3FDA1DA11D2145350094DC70 /* Info.plist */,
				3FDA1D991D2145350094DC70 /* bjj.xcdatamodeld */,
			);
			path = bjj;
			sourceTree = "<group>";
		};
/* End PBXGroup section */

/* Begin PBXNativeTarget section */
		3FDA1D8E1D2145350094DC70 /* bjj */ = {
			isa = PBXNativeTarget;
			buildConfigurationList = 3FDA1DA41D2145350094DC70 /* Build configuration list for PBXNativeTarget "bjj" */;
			buildPhases = (
				3FDA1D8B1D2145350094DC70 /* Sources */,
				3FDA1D8C1D2145350094DC70 /* Frameworks */,
				3FDA1D8D1D2145350094DC70 /* Resources */,
			);
			buildRules = (
			);
			dependencies = (
			);
			name = bjj;
			productName = bjj;
			productReference = 3FDA1D8F1D2145350094DC70 /* bjj.app */;
			productType = "com.apple.product-type.application";
		};
/* End PBXNativeTarget section */

/* Begin PBXProject section */
		3FDA1D871D2145350094DC70 /* Project object */ = {
			isa = PBXProject;
			attributes = {
				LastSwiftUpdateCheck = 0730;
				LastUpgradeCheck = 0730;
				ORGANIZATIONNAME = test;
				TargetAttributes = {
					3FDA1D8E1D2145350094DC70 = {
						CreatedOnToolsVersion = 7.3;
					};
				};
			};
			buildConfigurationList = 3FDA1D8A1D2145350094DC70 /* Build configuration list for PBXProject "bjj" */;
			compatibilityVersion = "Xcode 3.2";
			developmentRegion = English;
			hasScannedForEncodings = 0;
			knownRegions = (
				en,
				Base,
			);
			mainGroup = 3FDA1D861D2145350094DC70;
			productRefGroup = 3FDA1D901D2145350094DC70 /* Products */;
			projectDirPath = "";
			projectRoot = "";
			targets = (
				3FDA1D8E1D2145350094DC70 /* bjj */,
			);
		};
/* End PBXProject section */

/* Begin PBXResourcesBuildPhase section */
		3FDA1D8D1D2145350094DC70 /* Resources */ = {
			isa = PBXResourcesBuildPhase;
			buildActionMask = 2147483647;
			files = (
				3FDA1DA01D2145350094DC70 /* LaunchScreen.storyboard in Resources */,
				3FDA1D9D1D2145350094DC70 /* Assets.xcassets in Resources */,
				3FDA1D981D2145350094DC70 /* Main.storyboard in Resources */,
			);
			runOnlyForDeploymentPostprocessing = 0;
		};
/* End PBXResourcesBuildPhase section */

/* Begin PBXSourcesBuildPhase section */
		3FDA1D8B1D2145350094DC70 /* Sources */ = {
			isa = PBXSourcesBuildPhase;
			buildActionMask = 2147483647;
			files = (
				3FDA1D951D2145350094DC70 /* ViewController.swift in Sources */,
				3FDA1D9B1D2145350094DC70 /* bjj.xcdatamodeld in Sources */,
				3FDA1D931D2145350094DC70 /* AppDelegate.swift in Sources */,
			);
			runOnlyForDeploymentPostprocessing = 0;
		};
/* End PBXSourcesBuildPhase section */

/* Begin PBXVariantGroup section */
		3FDA1D961D2145350094DC70 /* Main.storyboard */ = {
			isa = PBXVariantGroup;
			children = (
				3FDA1D971D2145350094DC70 /* Base */,
			);
			name = Main.storyboard;
			sourceTree = "<group>";
		};
		3FDA1D9E1D2145350094DC70 /* LaunchScreen.storyboard */ = {
			isa = PBXVariantGroup;
			children = (
				3FDA1D9F1D2145350094DC70 /* Base */,
			);
			name = LaunchScreen.storyboard;
			sourceTree = "<group>";
		};
/* End PBXVariantGroup section */

/* Begin XCBuildConfiguration section */
		3FDA1DA21D2145350094DC70 /* Debug */ = {
			isa = XCBuildConfiguration;
			buildSettings = {
				ALWAYS_SEARCH_USER_PATHS = NO;
				CLANG_ANALYZER_NONNULL = YES;
				CLANG_CXX_LANGUAGE_STANDARD = "gnu++0x";
				CLANG_CXX_LIBRARY = "libc++";
				CLANG_ENABLE_MODULES = YES;
				CLANG_ENABLE_OBJC_ARC = YES;
				CLANG_WARN_BOOL_CONVERSION = YES;
				CLANG_WARN_CONSTANT_CONVERSION = YES;
				CLANG_WARN_DIRECT_OBJC_ISA_USAGE = YES_ERROR;
				CLANG_WARN_EMPTY_BODY = YES;
				CLANG_WARN_ENUM_CONVERSION = YES;
				CLANG_WARN_INT_CONVERSION = YES;
				CLANG_WARN_OBJC_ROOT_CLASS = YES_ERROR;
				CLANG_WARN_UNREACHABLE_CODE = YES;
				CLANG_WARN__DUPLICATE_METHOD_MATCH = YES;
				"CODE_SIGN_IDENTITY[sdk=iphoneos*]" = "iPhone Developer";
				COPY_PHASE_STRIP = NO;
				DEBUG_INFORMATION_FORMAT = dwarf;
				ENABLE_STRICT_OBJC_MSGSEND = YES;
				ENABLE_TESTABILITY = YES;
				GCC_C_LANGUAGE_STANDARD = gnu99;
				GCC_DYNAMIC_NO_PIC = NO;
				GCC_NO_COMMON_BLOCKS = YES;
				GCC_OPTIMIZATION_LEVEL = 0;
				GCC_PREPROCESSOR_DEFINITIONS = (
					"DEBUG=1",
					"$(inherited)",
				);
				GCC_WARN_64_TO_32_BIT_CONVERSION = YES;
				GCC_WARN_ABOUT_RETURN_TYPE = YES_ERROR;
				GCC_WARN_UNDECLARED_SELECTOR = YES;
				GCC_WARN_UNINITIALIZED_AUTOS = YES_AGGRESSIVE;
				GCC_WARN_UNUSED_FUNCTION = YES;
				GCC_WARN_UNUSED_VARIABLE = YES;
				IPHONEOS_DEPLOYMENT_TARGET = 9.3;
				MTL_ENABLE_DEBUG_INFO = YES;
				ONLY_ACTIVE_ARCH = YES;
				SDKROOT = iphoneos;
				SWIFT_OPTIMIZATION_LEVEL = "-Onone";
			};
			name = Debug;
		};
		3FDA1DA31D2145350094DC70 /* Release */ = {
			isa = XCBuildConfiguration;
			buildSettings = {
				ALWAYS_SEARCH_USER_PATHS = NO;
				CLANG_ANALYZER_NONNULL = YES;
				CLANG_CXX_LANGUAGE_STANDARD = "gnu++0x";
				CLANG_CXX_LIBRARY = "libc++";
				CLANG_ENABLE_MODULES = YES;
				CLANG_ENABLE_OBJC_ARC = YES;
				CLANG_WARN_BOOL_CONVERSION = YES;
				CLANG_WARN_CONSTANT_CONVERSION = YES;
				CLANG_WARN_DIRECT_OBJC_ISA_USAGE = YES_ERROR;
				CLANG_WARN_EMPTY_BODY = YES;
				CLANG_WARN_ENUM_CONVERSION = YES;
				CLANG_WARN_INT_CONVERSION = YES;
				CLANG_WARN_OBJC_ROOT_CLASS = YES_ERROR;
				CLANG_WARN_UNREACHABLE_CODE = YES;
				CLANG_WARN__DUPLICATE_METHOD_MATCH = YES;
				"CODE_SIGN_IDENTITY[sdk=iphoneos*]" = "iPhone Developer";
				COPY_PHASE_STRIP = NO;
				DEBUG_INFORMATION_FORMAT = "dwarf-with-dsym";
				ENABLE_NS_ASSERTIONS = NO;
				ENABLE_STRICT_OBJC_MSGSEND = YES;
				GCC_C_LANGUAGE_STANDARD = gnu99;
				GCC_NO_COMMON_BLOCKS = YES;
				GCC_WARN_64_TO_32_BIT_CONVERSION = YES;
				GCC_WARN_ABOUT_RETURN_TYPE = YES_ERROR;
				GCC_WARN_UNDECLARED_SELECTOR = YES;
				GCC_WARN_UNINITIALIZED_AUTOS = YES_AGGRESSIVE;
				GCC_WARN_UNUSED_FUNCTION = YES;
				GCC_WARN_UNUSED_VARIABLE = YES;
				IPHONEOS_DEPLOYMENT_TARGET = 9.3;
				MTL_ENABLE_DEBUG_INFO = NO;
				SDKROOT = iphoneos;
				VALIDATE_PRODUCT = YES;
			};
			name = Release;
		};
		3FDA1DA51D2145350094DC70 /* Debug */ = {
			isa = XCBuildConfiguration;
			buildSettings = {
				ASSETCATALOG_COMPILER_APPICON_NAME = AppIcon;
				INFOPLIST_FILE = bjj/Info.plist;
				LD_RUNPATH_SEARCH_PATHS = "$(inherited) @executable_path/Frameworks";
				PRODUCT_BUNDLE_IDENTIFIER = com.test.bjj;
				PRODUCT_NAME = "$(TARGET_NAME)";
			};
			name = Debug;
		};
		3FDA1DA61D2145350094DC70 /* Release */ = {
			isa = XCBuildConfiguration;
			buildSettings = {
				ASSETCATALOG_COMPILER_APPICON_NAME = AppIcon;
				INFOPLIST_FILE = bjj/Info.plist;
				LD_RUNPATH_SEARCH_PATHS = "$(inherited) @executable_path/Frameworks";
				PRODUCT_BUNDLE_IDENTIFIER = com.test.bjj;
				PRODUCT_NAME = "$(TARGET_NAME)";
			};
			name = Release;
		};
/* End XCBuildConfiguration section */

/* Begin XCConfigurationList section */
		3FDA1D8A1D2145350094DC70 /* Build configuration list for PBXProject "bjj" */ = {
			isa = XCConfigurationList;
			buildConfigurations = (
				3FDA1DA21D2145350094DC70 /* Debug */,
				3FDA1DA31D2145350094DC70 /* Release */,
			);
			defaultConfigurationIsVisible = 0;
			defaultConfigurationName = Release;
		};
		3FDA1DA41D2145350094DC70 /* Build configuration list for PBXNativeTarget "bjj" */ = {
			isa = XCConfigurationList;
			buildConfigurations = (
				3FDA1DA51D2145350094DC70 /* Debug */,
				3FDA1DA61D2145350094DC70 /* Release */,
			);
			defaultConfigurationIsVisible = 0;
		};
/* End XCConfigurationList section */

/* Begin XCVersionGroup section */
		3FDA1D991D2145350094DC70 /* bjj.xcdatamodeld */ = {
			isa = XCVersionGroup;
			children = (
				3FDA1D9A1D2145350094DC70 /* bjj.xcdatamodel */,
			);
			currentVersion = 3FDA1D9A1D2145350094DC70 /* bjj.xcdatamodel */;
			path = bjj.xcdatamodeld;
			sourceTree = "<group>";
			versionGroupType = wrapper.xcdatamodel;
		};
/* End XCVersionGroup section */
	};
	rootObject = 3FDA1D871D2145350094DC70 /* Project object */;
}
