// !$*UTF8*$!
{
	archiveVersion = 1;
	classes = {
	};
	objectVersion = 46;
	objects = {

/* Begin PBXBuildFile section */
		3F34A5EF1D23E9F500112B86 /* LaunchScreen.storyboard in Resources */ = {isa = PBXBuildFile; fileRef = 3F34A5EE1D23E9F500112B86 /* LaunchScreen.storyboard */; };
		3F34A5F11D24006E00112B86 /* MovimentViewController.swift in Sources */ = {isa = PBXBuildFile; fileRef = 3F34A5F01D24006E00112B86 /* MovimentViewController.swift */; };
		3FDA1D931D2145350094DC70 /* AppDelegate.swift in Sources */ = {isa = PBXBuildFile; fileRef = 3FDA1D921D2145350094DC70 /* AppDelegate.swift */; };
		3FDA1D951D2145350094DC70 /* ViewController.swift in Sources */ = {isa = PBXBuildFile; fileRef = 3FDA1D941D2145350094DC70 /* ViewController.swift */; };
		3FDA1D9B1D2145350094DC70 /* bjj.xcdatamodeld in Sources */ = {isa = PBXBuildFile; fileRef = 3FDA1D991D2145350094DC70 /* bjj.xcdatamodeld */; };
		3FDA1D9D1D2145350094DC70 /* Assets.xcassets in Resources */ = {isa = PBXBuildFile; fileRef = 3FDA1D9C1D2145350094DC70 /* Assets.xcassets */; };
		3FDA1DAC1D2147850094DC70 /* bjjTableViewController.swift in Sources */ = {isa = PBXBuildFile; fileRef = 3FDA1DAB1D2147850094DC70 /* bjjTableViewController.swift */; };
		3FDA1DB11D214C8C0094DC70 /* bjjCell.swift in Sources */ = {isa = PBXBuildFile; fileRef = 3FDA1DB01D214C8C0094DC70 /* bjjCell.swift */; };
		3FDA1DB51D2156420094DC70 /* bjjBasicTableViewController.swift in Sources */ = {isa = PBXBuildFile; fileRef = 3FDA1DB41D2156420094DC70 /* bjjBasicTableViewController.swift */; };
		3FDA1DC01D21591D0094DC70 /* bjjIntermediateTableViewController.swift in Sources */ = {isa = PBXBuildFile; fileRef = 3FDA1DBF1D21591D0094DC70 /* bjjIntermediateTableViewController.swift */; };
		3FDA1DC21D2159310094DC70 /* bjjAdvancedTableViewController.swift in Sources */ = {isa = PBXBuildFile; fileRef = 3FDA1DC11D2159310094DC70 /* bjjAdvancedTableViewController.swift */; };
		3FDA1DC41D2159520094DC70 /* bjjBasicCell.swift in Sources */ = {isa = PBXBuildFile; fileRef = 3FDA1DC31D2159520094DC70 /* bjjBasicCell.swift */; };
		3FDA1DC61D2159660094DC70 /* bjjAdvancedCell.swift in Sources */ = {isa = PBXBuildFile; fileRef = 3FDA1DC51D2159660094DC70 /* bjjAdvancedCell.swift */; };
		3FDA1DC81D21597A0094DC70 /* bjjIntermediateCell.swift in Sources */ = {isa = PBXBuildFile; fileRef = 3FDA1DC71D21597A0094DC70 /* bjjIntermediateCell.swift */; };
		3FFC3E101D22B38300104904 /* Main.storyboard in Resources */ = {isa = PBXBuildFile; fileRef = 3FFC3E0E1D22B38300104904 /* Main.storyboard */; };
/* End PBXBuildFile section */

/* Begin PBXFileReference section */
		3F34A5EE1D23E9F500112B86 /* LaunchScreen.storyboard */ = {isa = PBXFileReference; fileEncoding = 4; lastKnownFileType = file.storyboard; path = LaunchScreen.storyboard; sourceTree = "<group>"; };
		3F34A5F01D24006E00112B86 /* MovimentViewController.swift */ = {isa = PBXFileReference; fileEncoding = 4; lastKnownFileType = sourcecode.swift; path = MovimentViewController.swift; sourceTree = "<group>"; };
		3FDA1D8F1D2145350094DC70 /* bjj.app */ = {isa = PBXFileReference; explicitFileType = wrapper.application; includeInIndex = 0; path = bjj.app; sourceTree = BUILT_PRODUCTS_DIR; };
		3FDA1D921D2145350094DC70 /* AppDelegate.swift */ = {isa = PBXFileReference; lastKnownFileType = sourcecode.swift; path = AppDelegate.swift; sourceTree = "<group>"; };
		3FDA1D941D2145350094DC70 /* ViewController.swift */ = {isa = PBXFileReference; lastKnownFileType = sourcecode.swift; name = ViewController.swift; path = bjj/ViewController.swift; sourceTree = "<group>"; };
		3FDA1D9A1D2145350094DC70 /* bjj.xcdatamodel */ = {isa = PBXFileReference; lastKnownFileType = wrapper.xcdatamodel; path = bjj.xcdatamodel; sourceTree = "<group>"; };
		3FDA1D9C1D2145350094DC70 /* Assets.xcassets */ = {isa = PBXFileReference; lastKnownFileType = folder.assetcatalog; path = Assets.xcassets; sourceTree = "<group>"; };
		3FDA1DA11D2145350094DC70 /* Info.plist */ = {isa = PBXFileReference; lastKnownFileType = text.plist.xml; path = Info.plist; sourceTree = "<group>"; };
		3FDA1DAB1D2147850094DC70 /* bjjTableViewController.swift */ = {isa = PBXFileReference; fileEncoding = 4; lastKnownFileType = sourcecode.swift; name = bjjTableViewController.swift; path = bjj/bjjTableViewController.swift; sourceTree = "<group>"; };
		3FDA1DB01D214C8C0094DC70 /* bjjCell.swift */ = {isa = PBXFileReference; fileEncoding = 4; lastKnownFileType = sourcecode.swift; path = bjjCell.swift; sourceTree = "<group>"; };
		3FDA1DB41D2156420094DC70 /* bjjBasicTableViewController.swift */ = {isa = PBXFileReference; fileEncoding = 4; lastKnownFileType = sourcecode.swift; path = bjjBasicTableViewController.swift; sourceTree = "<group>"; };
		3FDA1DBF1D21591D0094DC70 /* bjjIntermediateTableViewController.swift */ = {isa = PBXFileReference; fileEncoding = 4; lastKnownFileType = sourcecode.swift; path = bjjIntermediateTableViewController.swift; sourceTree = "<group>"; };
		3FDA1DC11D2159310094DC70 /* bjjAdvancedTableViewController.swift */ = {isa = PBXFileReference; fileEncoding = 4; lastKnownFileType = sourcecode.swift; path = bjjAdvancedTableViewController.swift; sourceTree = "<group>"; };
		3FDA1DC31D2159520094DC70 /* bjjBasicCell.swift */ = {isa = PBXFileReference; fileEncoding = 4; lastKnownFileType = sourcecode.swift; path = bjjBasicCell.swift; sourceTree = "<group>"; };
		3FDA1DC51D2159660094DC70 /* bjjAdvancedCell.swift */ = {isa = PBXFileReference; fileEncoding = 4; lastKnownFileType = sourcecode.swift; path = bjjAdvancedCell.swift; sourceTree = "<group>"; };
		3FDA1DC71D21597A0094DC70 /* bjjIntermediateCell.swift */ = {isa = PBXFileReference; fileEncoding = 4; lastKnownFileType = sourcecode.swift; path = bjjIntermediateCell.swift; sourceTree = "<group>"; };
		3FFC3E0F1D22B38300104904 /* Base */ = {isa = PBXFileReference; lastKnownFileType = file.storyboard; name = Base; path = bjj/Base.lproj/Main.storyboard; sourceTree = "<group>"; };
/* End PBXFileReference section */

/* Begin PBXFrameworksBuildPhase section */
		3FDA1D8C1D2145350094DC70 /* Frameworks */ = {
			isa = PBXFrameworksBuildPhase;
			buildActionMask = 2147483647;
			files = (
			);
			runOnlyForDeploymentPostprocessing = 0;
		};
/* End PBXFrameworksBuildPhase section */

/* Begin PBXGroup section */
		3FDA1D861D2145350094DC70 = {
			isa = PBXGroup;
			children = (
				3FFC3E051D22AE0900104904 /* Thrash */,
				3FDA1D911D2145350094DC70 /* bjj */,
				3FDA1D901D2145350094DC70 /* Products */,
			);
			sourceTree = "<group>";
		};
		3FDA1D901D2145350094DC70 /* Products */ = {
			isa = PBXGroup;
			children = (
				3FDA1D8F1D2145350094DC70 /* bjj.app */,
			);
			name = Products;
			sourceTree = "<group>";
		};
		3FDA1D911D2145350094DC70 /* bjj */ = {
			isa = PBXGroup;
			children = (
				3FDA1DAF1D2147B60094DC70 /* CONTROLLER */,
				3FDA1DAE1D2147AC0094DC70 /* VIEW */,
				3FDA1DAD1D21479C0094DC70 /* MODEL */,
				3FDA1D921D2145350094DC70 /* AppDelegate.swift */,
				3FDA1D9C1D2145350094DC70 /* Assets.xcassets */,
				3FDA1DA11D2145350094DC70 /* Info.plist */,
				3FDA1D991D2145350094DC70 /* bjj.xcdatamodeld */,
			);
			path = bjj;
			sourceTree = "<group>";
		};
		3FDA1DAD1D21479C0094DC70 /* MODEL */ = {
			isa = PBXGroup;
			children = (
			);
			name = MODEL;
			path = ..;
			sourceTree = "<group>";
		};
		3FDA1DAE1D2147AC0094DC70 /* VIEW */ = {
			isa = PBXGroup;
			children = (
				3F34A5EE1D23E9F500112B86 /* LaunchScreen.storyboard */,
				3FFC3E0E1D22B38300104904 /* Main.storyboard */,
			);
			name = VIEW;
			path = ..;
			sourceTree = "<group>";
		};
		3FDA1DAF1D2147B60094DC70 /* CONTROLLER */ = {
			isa = PBXGroup;
			children = (
				3F34A5F01D24006E00112B86 /* MovimentViewController.swift */,
				3FDA1D941D2145350094DC70 /* ViewController.swift */,
				3FDA1DB81D21569E0094DC70 /* Home Screen */,
			);
			name = CONTROLLER;
			path = ..;
			sourceTree = "<group>";
		};
		3FDA1DB61D21564E0094DC70 /* Basic */ = {
			isa = PBXGroup;
			children = (
				3FDA1DC31D2159520094DC70 /* bjjBasicCell.swift */,
				3FDA1DB41D2156420094DC70 /* bjjBasicTableViewController.swift */,
			);
			name = Basic;
			sourceTree = "<group>";
		};
		3FDA1DB81D21569E0094DC70 /* Home Screen */ = {
			isa = PBXGroup;
			children = (
				3FDA1DB01D214C8C0094DC70 /* bjjCell.swift */,
				3FDA1DAB1D2147850094DC70 /* bjjTableViewController.swift */,
			);
			name = "Home Screen";
			sourceTree = "<group>";
		};
		3FDA1DBB1D2157110094DC70 /* Advanced */ = {
			isa = PBXGroup;
			children = (
				3FDA1DC51D2159660094DC70 /* bjjAdvancedCell.swift */,
				3FDA1DC11D2159310094DC70 /* bjjAdvancedTableViewController.swift */,
			);
			name = Advanced;
			sourceTree = "<group>";
		};
		3FDA1DBC1D2157DC0094DC70 /* Intermediate */ = {
			isa = PBXGroup;
			children = (
				3FDA1DC71D21597A0094DC70 /* bjjIntermediateCell.swift */,
				3FDA1DBF1D21591D0094DC70 /* bjjIntermediateTableViewController.swift */,
			);
			name = Intermediate;
			sourceTree = "<group>";
		};
		3FFC3E051D22AE0900104904 /* Thrash */ = {
			isa = PBXGroup;
			children = (
				3FDA1DBC1D2157DC0094DC70 /* Intermediate */,
				3FDA1DBB1D2157110094DC70 /* Advanced */,
				3FDA1DB61D21564E0094DC70 /* Basic */,
			);
			name = Thrash;
			sourceTree = "<group>";
		};
/* End PBXGroup section */

/* Begin PBXNativeTarget section */
		3FDA1D8E1D2145350094DC70 /* bjj */ = {
			isa = PBXNativeTarget;
			buildConfigurationList = 3FDA1DA41D2145350094DC70 /* Build configuration list for PBXNativeTarget "bjj" */;
			buildPhases = (
				3FDA1D8B1D2145350094DC70 /* Sources */,
				3FDA1D8C1D2145350094DC70 /* Frameworks */,
				3FDA1D8D1D2145350094DC70 /* Resources */,
			);
			buildRules = (
			);
			dependencies = (
			);
			name = bjj;
			productName = bjj;
			productReference = 3FDA1D8F1D2145350094DC70 /* bjj.app */;
			productType = "com.apple.product-type.application";
		};
/* End PBXNativeTarget section */

/* Begin PBXProject section */
		3FDA1D871D2145350094DC70 /* Project object */ = {
			isa = PBXProject;
			attributes = {
				LastSwiftUpdateCheck = 0730;
				LastUpgradeCheck = 0730;
				ORGANIZATIONNAME = test;
				TargetAttributes = {
					3FDA1D8E1D2145350094DC70 = {
						CreatedOnToolsVersion = 7.3;
					};
				};
			};
			buildConfigurationList = 3FDA1D8A1D2145350094DC70 /* Build configuration list for PBXProject "bjj" */;
			compatibilityVersion = "Xcode 3.2";
			developmentRegion = English;
			hasScannedForEncodings = 0;
			knownRegions = (
				en,
				Base,
			);
			mainGroup = 3FDA1D861D2145350094DC70;
			productRefGroup = 3FDA1D901D2145350094DC70 /* Products */;
			projectDirPath = "";
			projectRoot = "";
			targets = (
				3FDA1D8E1D2145350094DC70 /* bjj */,
			);
		};
/* End PBXProject section */

/* Begin PBXResourcesBuildPhase section */
		3FDA1D8D1D2145350094DC70 /* Resources */ = {
			isa = PBXResourcesBuildPhase;
			buildActionMask = 2147483647;
			files = (
				3F34A5EF1D23E9F500112B86 /* LaunchScreen.storyboard in Resources */,
				3FFC3E101D22B38300104904 /* Main.storyboard in Resources */,
				3FDA1D9D1D2145350094DC70 /* Assets.xcassets in Resources */,
			);
			runOnlyForDeploymentPostprocessing = 0;
		};
/* End PBXResourcesBuildPhase section */

/* Begin PBXSourcesBuildPhase section */
		3FDA1D8B1D2145350094DC70 /* Sources */ = {
			isa = PBXSourcesBuildPhase;
			buildActionMask = 2147483647;
			files = (
				3FDA1DAC1D2147850094DC70 /* bjjTableViewController.swift in Sources */,
				3F34A5F11D24006E00112B86 /* MovimentViewController.swift in Sources */,
				3FDA1DC41D2159520094DC70 /* bjjBasicCell.swift in Sources */,
				3FDA1DC61D2159660094DC70 /* bjjAdvancedCell.swift in Sources */,
				3FDA1DC81D21597A0094DC70 /* bjjIntermediateCell.swift in Sources */,
				3FDA1D951D2145350094DC70 /* ViewController.swift in Sources */,
				3FDA1DC21D2159310094DC70 /* bjjAdvancedTableViewController.swift in Sources */,
				3FDA1DC01D21591D0094DC70 /* bjjIntermediateTableViewController.swift in Sources */,
				3FDA1DB11D214C8C0094DC70 /* bjjCell.swift in Sources */,
				3FDA1DB51D2156420094DC70 /* bjjBasicTableViewController.swift in Sources */,
				3FDA1D9B1D2145350094DC70 /* bjj.xcdatamodeld in Sources */,
				3FDA1D931D2145350094DC70 /* AppDelegate.swift in Sources */,
			);
			runOnlyForDeploymentPostprocessing = 0;
		};
/* End PBXSourcesBuildPhase section */

/* Begin PBXVariantGroup section */
		3FFC3E0E1D22B38300104904 /* Main.storyboard */ = {
			isa = PBXVariantGroup;
			children = (
				3FFC3E0F1D22B38300104904 /* Base */,
			);
			name = Main.storyboard;
			sourceTree = "<group>";
		};
/* End PBXVariantGroup section */

/* Begin XCBuildConfiguration section */
		3FDA1DA21D2145350094DC70 /* Debug */ = {
			isa = XCBuildConfiguration;
			buildSettings = {
				ALWAYS_SEARCH_USER_PATHS = NO;
				CLANG_ANALYZER_NONNULL = YES;
				CLANG_CXX_LANGUAGE_STANDARD = "gnu++0x";
				CLANG_CXX_LIBRARY = "libc++";
				CLANG_ENABLE_MODULES = YES;
				CLANG_ENABLE_OBJC_ARC = YES;
				CLANG_WARN_BOOL_CONVERSION = YES;
				CLANG_WARN_CONSTANT_CONVERSION = YES;
				CLANG_WARN_DIRECT_OBJC_ISA_USAGE = YES_ERROR;
				CLANG_WARN_EMPTY_BODY = YES;
				CLANG_WARN_ENUM_CONVERSION = YES;
				CLANG_WARN_INT_CONVERSION = YES;
				CLANG_WARN_OBJC_ROOT_CLASS = YES_ERROR;
				CLANG_WARN_UNREACHABLE_CODE = YES;
				CLANG_WARN__DUPLICATE_METHOD_MATCH = YES;
				"CODE_SIGN_IDENTITY[sdk=iphoneos*]" = "iPhone Developer";
				COPY_PHASE_STRIP = NO;
				DEBUG_INFORMATION_FORMAT = dwarf;
				ENABLE_STRICT_OBJC_MSGSEND = YES;
				ENABLE_TESTABILITY = YES;
				GCC_C_LANGUAGE_STANDARD = gnu99;
				GCC_DYNAMIC_NO_PIC = NO;
				GCC_NO_COMMON_BLOCKS = YES;
				GCC_OPTIMIZATION_LEVEL = 0;
				GCC_PREPROCESSOR_DEFINITIONS = (
					"DEBUG=1",
					"$(inherited)",
				);
				GCC_WARN_64_TO_32_BIT_CONVERSION = YES;
				GCC_WARN_ABOUT_RETURN_TYPE = YES_ERROR;
				GCC_WARN_UNDECLARED_SELECTOR = YES;
				GCC_WARN_UNINITIALIZED_AUTOS = YES_AGGRESSIVE;
				GCC_WARN_UNUSED_FUNCTION = YES;
				GCC_WARN_UNUSED_VARIABLE = YES;
				IPHONEOS_DEPLOYMENT_TARGET = 9.3;
				MTL_ENABLE_DEBUG_INFO = YES;
				ONLY_ACTIVE_ARCH = YES;
				SDKROOT = iphoneos;
				SWIFT_OPTIMIZATION_LEVEL = "-Onone";
			};
			name = Debug;
		};
		3FDA1DA31D2145350094DC70 /* Release */ = {
			isa = XCBuildConfiguration;
			buildSettings = {
				ALWAYS_SEARCH_USER_PATHS = NO;
				CLANG_ANALYZER_NONNULL = YES;
				CLANG_CXX_LANGUAGE_STANDARD = "gnu++0x";
				CLANG_CXX_LIBRARY = "libc++";
				CLANG_ENABLE_MODULES = YES;
				CLANG_ENABLE_OBJC_ARC = YES;
				CLANG_WARN_BOOL_CONVERSION = YES;
				CLANG_WARN_CONSTANT_CONVERSION = YES;
				CLANG_WARN_DIRECT_OBJC_ISA_USAGE = YES_ERROR;
				CLANG_WARN_EMPTY_BODY = YES;
				CLANG_WARN_ENUM_CONVERSION = YES;
				CLANG_WARN_INT_CONVERSION = YES;
				CLANG_WARN_OBJC_ROOT_CLASS = YES_ERROR;
				CLANG_WARN_UNREACHABLE_CODE = YES;
				CLANG_WARN__DUPLICATE_METHOD_MATCH = YES;
				"CODE_SIGN_IDENTITY[sdk=iphoneos*]" = "iPhone Developer";
				COPY_PHASE_STRIP = NO;
				DEBUG_INFORMATION_FORMAT = "dwarf-with-dsym";
				ENABLE_NS_ASSERTIONS = NO;
				ENABLE_STRICT_OBJC_MSGSEND = YES;
				GCC_C_LANGUAGE_STANDARD = gnu99;
				GCC_NO_COMMON_BLOCKS = YES;
				GCC_WARN_64_TO_32_BIT_CONVERSION = YES;
				GCC_WARN_ABOUT_RETURN_TYPE = YES_ERROR;
				GCC_WARN_UNDECLARED_SELECTOR = YES;
				GCC_WARN_UNINITIALIZED_AUTOS = YES_AGGRESSIVE;
				GCC_WARN_UNUSED_FUNCTION = YES;
				GCC_WARN_UNUSED_VARIABLE = YES;
				IPHONEOS_DEPLOYMENT_TARGET = 9.3;
				MTL_ENABLE_DEBUG_INFO = NO;
				SDKROOT = iphoneos;
				VALIDATE_PRODUCT = YES;
			};
			name = Release;
		};
		3FDA1DA51D2145350094DC70 /* Debug */ = {
			isa = XCBuildConfiguration;
			buildSettings = {
				ASSETCATALOG_COMPILER_APPICON_NAME = AppIcon;
				INFOPLIST_FILE = bjj/Info.plist;
				LD_RUNPATH_SEARCH_PATHS = "$(inherited) @executable_path/Frameworks";
				PRODUCT_BUNDLE_IDENTIFIER = com.test.bjj;
				PRODUCT_NAME = "$(TARGET_NAME)";
			};
			name = Debug;
		};
		3FDA1DA61D2145350094DC70 /* Release */ = {
			isa = XCBuildConfiguration;
			buildSettings = {
				ASSETCATALOG_COMPILER_APPICON_NAME = AppIcon;
				INFOPLIST_FILE = bjj/Info.plist;
				LD_RUNPATH_SEARCH_PATHS = "$(inherited) @executable_path/Frameworks";
				PRODUCT_BUNDLE_IDENTIFIER = com.test.bjj;
				PRODUCT_NAME = "$(TARGET_NAME)";
			};
			name = Release;
		};
/* End XCBuildConfiguration section */

/* Begin XCConfigurationList section */
		3FDA1D8A1D2145350094DC70 /* Build configuration list for PBXProject "bjj" */ = {
			isa = XCConfigurationList;
			buildConfigurations = (
				3FDA1DA21D2145350094DC70 /* Debug */,
				3FDA1DA31D2145350094DC70 /* Release */,
			);
			defaultConfigurationIsVisible = 0;
			defaultConfigurationName = Release;
		};
		3FDA1DA41D2145350094DC70 /* Build configuration list for PBXNativeTarget "bjj" */ = {
			isa = XCConfigurationList;
			buildConfigurations = (
				3FDA1DA51D2145350094DC70 /* Debug */,
				3FDA1DA61D2145350094DC70 /* Release */,
			);
			defaultConfigurationIsVisible = 0;
			defaultConfigurationName = Release;
		};
/* End XCConfigurationList section */

/* Begin XCVersionGroup section */
		3FDA1D991D2145350094DC70 /* bjj.xcdatamodeld */ = {
			isa = XCVersionGroup;
			children = (
				3FDA1D9A1D2145350094DC70 /* bjj.xcdatamodel */,
			);
			currentVersion = 3FDA1D9A1D2145350094DC70 /* bjj.xcdatamodel */;
			path = bjj.xcdatamodeld;
			sourceTree = "<group>";
			versionGroupType = wrapper.xcdatamodel;
		};
/* End XCVersionGroup section */
	};
	rootObject = 3FDA1D871D2145350094DC70 /* Project object */;
}
